
Microsoft Visual Studio Solution File, Format Version 12.00
# Visual Studio Version 16
VisualStudioVersion = 16.0.29613.14
MinimumVisualStudioVersion = 10.0.40219.1
Project("{FAE04EC0-301F-11D3-BF4B-00C04F79EFBC}") = "C sharp exercises", "C sharp exercises\C sharp exercises.csproj", "{6A8685A1-A150-4256-A320-A6A84DC788A4}"
EndProject
Global
	GlobalSection(SolutionConfigurationPlatforms) = preSolution
		Debug|Any CPU = Debug|Any CPU
		Release|Any CPU = Release|Any CPU
	EndGlobalSection
	GlobalSection(ProjectConfigurationPlatforms) = postSolution
		{6A8685A1-A150-4256-A320-A6A84DC788A4}.Debug|Any CPU.ActiveCfg = Debug|Any CPU
		{6A8685A1-A150-4256-A320-A6A84DC788A4}.Debug|Any CPU.Build.0 = Debug|Any CPU
		{6A8685A1-A150-4256-A320-A6A84DC788A4}.Release|Any CPU.ActiveCfg = Release|Any CPU
		{6A8685A1-A150-4256-A320-A6A84DC788A4}.Release|Any CPU.Build.0 = Release|Any CPU
	EndGlobalSection
	GlobalSection(SolutionProperties) = preSolution
		HideSolutionNode = FALSE
	EndGlobalSection
	GlobalSection(ExtensibilityGlobals) = postSolution
		SolutionGuid = {513989B4-BC3C-49FA-84AB-3467E5C929B3}
	EndGlobalSection
EndGlobal
